
Microsoft Visual Studio Solution File, Format Version 12.00
# Visual Studio Version 17
VisualStudioVersion = 17.0.31912.275
MinimumVisualStudioVersion = 10.0.40219.1
Project("{9A19103F-16F7-4668-BE54-9A1E7A4F7556}") = "Auto.Website", "Auto.Website\Auto.Website.csproj", "{BA806410-F779-461A-B4F1-D97D7289FB5B}"
EndProject
Project("{9A19103F-16F7-4668-BE54-9A1E7A4F7556}") = "Auto.Data", "Auto.Data\Auto.Data.csproj", "{8B6C8131-EBC3-4DE2-8CE6-707484BA1BAE}"
EndProject
Project("{FAE04EC0-301F-11D3-BF4B-00C04F79EFBC}") = "Auto.Messages", "Auto.Messages\Auto.Messages.csproj", "{A54D97CE-DD38-478C-8E8C-4C522B7CECD3}"
EndProject
Project("{FAE04EC0-301F-11D3-BF4B-00C04F79EFBC}") = "Auto.AuditLog", "Auto.AuditLog\Auto.AuditLog.csproj", "{A21A8384-DB44-485F-A2D8-D5FA4099A0FE}"
EndProject
Project("{FAE04EC0-301F-11D3-BF4B-00C04F79EFBC}") = "Auto.OwnerServer", "Auto.OwnerServer\Auto.OwnerServer.csproj", "{794D5CAD-8F36-4759-9318-AD9D82B93527}"
EndProject
Project("{FAE04EC0-301F-11D3-BF4B-00C04F79EFBC}") = "Auto.OwnerClient", "Auto.OwnerClient\Auto.OwnerClient.csproj", "{9016F36F-D356-4262-A564-EB7C6B12D359}"
EndProject
Global
	GlobalSection(SolutionConfigurationPlatforms) = preSolution
		Debug|Any CPU = Debug|Any CPU
		Debug|x64 = Debug|x64
		Debug|x86 = Debug|x86
		Release|Any CPU = Release|Any CPU
		Release|x64 = Release|x64
		Release|x86 = Release|x86
	EndGlobalSection
	GlobalSection(ProjectConfigurationPlatforms) = postSolution
		{BA806410-F779-461A-B4F1-D97D7289FB5B}.Debug|Any CPU.ActiveCfg = Debug|Any CPU
		{BA806410-F779-461A-B4F1-D97D7289FB5B}.Debug|Any CPU.Build.0 = Debug|Any CPU
		{BA806410-F779-461A-B4F1-D97D7289FB5B}.Debug|x64.ActiveCfg = Debug|Any CPU
		{BA806410-F779-461A-B4F1-D97D7289FB5B}.Debug|x64.Build.0 = Debug|Any CPU
		{BA806410-F779-461A-B4F1-D97D7289FB5B}.Debug|x86.ActiveCfg = Debug|Any CPU
		{BA806410-F779-461A-B4F1-D97D7289FB5B}.Debug|x86.Build.0 = Debug|Any CPU
		{BA806410-F779-461A-B4F1-D97D7289FB5B}.Release|Any CPU.ActiveCfg = Release|Any CPU
		{BA806410-F779-461A-B4F1-D97D7289FB5B}.Release|Any CPU.Build.0 = Release|Any CPU
		{BA806410-F779-461A-B4F1-D97D7289FB5B}.Release|x64.ActiveCfg = Release|Any CPU
		{BA806410-F779-461A-B4F1-D97D7289FB5B}.Release|x64.Build.0 = Release|Any CPU
		{BA806410-F779-461A-B4F1-D97D7289FB5B}.Release|x86.ActiveCfg = Release|Any CPU
		{BA806410-F779-461A-B4F1-D97D7289FB5B}.Release|x86.Build.0 = Release|Any CPU
		{8B6C8131-EBC3-4DE2-8CE6-707484BA1BAE}.Debug|Any CPU.ActiveCfg = Debug|Any CPU
		{8B6C8131-EBC3-4DE2-8CE6-707484BA1BAE}.Debug|Any CPU.Build.0 = Debug|Any CPU
		{8B6C8131-EBC3-4DE2-8CE6-707484BA1BAE}.Debug|x64.ActiveCfg = Debug|Any CPU
		{8B6C8131-EBC3-4DE2-8CE6-707484BA1BAE}.Debug|x64.Build.0 = Debug|Any CPU
		{8B6C8131-EBC3-4DE2-8CE6-707484BA1BAE}.Debug|x86.ActiveCfg = Debug|Any CPU
		{8B6C8131-EBC3-4DE2-8CE6-707484BA1BAE}.Debug|x86.Build.0 = Debug|Any CPU
		{8B6C8131-EBC3-4DE2-8CE6-707484BA1BAE}.Release|Any CPU.ActiveCfg = Release|Any CPU
		{8B6C8131-EBC3-4DE2-8CE6-707484BA1BAE}.Release|Any CPU.Build.0 = Release|Any CPU
		{8B6C8131-EBC3-4DE2-8CE6-707484BA1BAE}.Release|x64.ActiveCfg = Release|Any CPU
		{8B6C8131-EBC3-4DE2-8CE6-707484BA1BAE}.Release|x64.Build.0 = Release|Any CPU
		{8B6C8131-EBC3-4DE2-8CE6-707484BA1BAE}.Release|x86.ActiveCfg = Release|Any CPU
		{8B6C8131-EBC3-4DE2-8CE6-707484BA1BAE}.Release|x86.Build.0 = Release|Any CPU
		{A54D97CE-DD38-478C-8E8C-4C522B7CECD3}.Debug|Any CPU.ActiveCfg = Debug|Any CPU
		{A54D97CE-DD38-478C-8E8C-4C522B7CECD3}.Debug|Any CPU.Build.0 = Debug|Any CPU
		{A54D97CE-DD38-478C-8E8C-4C522B7CECD3}.Debug|x64.ActiveCfg = Debug|Any CPU
		{A54D97CE-DD38-478C-8E8C-4C522B7CECD3}.Debug|x64.Build.0 = Debug|Any CPU
		{A54D97CE-DD38-478C-8E8C-4C522B7CECD3}.Debug|x86.ActiveCfg = Debug|Any CPU
		{A54D97CE-DD38-478C-8E8C-4C522B7CECD3}.Debug|x86.Build.0 = Debug|Any CPU
		{A54D97CE-DD38-478C-8E8C-4C522B7CECD3}.Release|Any CPU.ActiveCfg = Release|Any CPU
		{A54D97CE-DD38-478C-8E8C-4C522B7CECD3}.Release|Any CPU.Build.0 = Release|Any CPU
		{A54D97CE-DD38-478C-8E8C-4C522B7CECD3}.Release|x64.ActiveCfg = Release|Any CPU
		{A54D97CE-DD38-478C-8E8C-4C522B7CECD3}.Release|x64.Build.0 = Release|Any CPU
		{A54D97CE-DD38-478C-8E8C-4C522B7CECD3}.Release|x86.ActiveCfg = Release|Any CPU
		{A54D97CE-DD38-478C-8E8C-4C522B7CECD3}.Release|x86.Build.0 = Release|Any CPU
		{A21A8384-DB44-485F-A2D8-D5FA4099A0FE}.Debug|Any CPU.ActiveCfg = Debug|Any CPU
		{A21A8384-DB44-485F-A2D8-D5FA4099A0FE}.Debug|Any CPU.Build.0 = Debug|Any CPU
		{A21A8384-DB44-485F-A2D8-D5FA4099A0FE}.Debug|x64.ActiveCfg = Debug|Any CPU
		{A21A8384-DB44-485F-A2D8-D5FA4099A0FE}.Debug|x64.Build.0 = Debug|Any CPU
		{A21A8384-DB44-485F-A2D8-D5FA4099A0FE}.Debug|x86.ActiveCfg = Debug|Any CPU
		{A21A8384-DB44-485F-A2D8-D5FA4099A0FE}.Debug|x86.Build.0 = Debug|Any CPU
		{A21A8384-DB44-485F-A2D8-D5FA4099A0FE}.Release|Any CPU.ActiveCfg = Release|Any CPU
		{A21A8384-DB44-485F-A2D8-D5FA4099A0FE}.Release|Any CPU.Build.0 = Release|Any CPU
		{A21A8384-DB44-485F-A2D8-D5FA4099A0FE}.Release|x64.ActiveCfg = Release|Any CPU
		{A21A8384-DB44-485F-A2D8-D5FA4099A0FE}.Release|x64.Build.0 = Release|Any CPU
		{A21A8384-DB44-485F-A2D8-D5FA4099A0FE}.Release|x86.ActiveCfg = Release|Any CPU
		{A21A8384-DB44-485F-A2D8-D5FA4099A0FE}.Release|x86.Build.0 = Release|Any CPU
		{794D5CAD-8F36-4759-9318-AD9D82B93527}.Debug|Any CPU.ActiveCfg = Debug|Any CPU
		{794D5CAD-8F36-4759-9318-AD9D82B93527}.Debug|Any CPU.Build.0 = Debug|Any CPU
		{794D5CAD-8F36-4759-9318-AD9D82B93527}.Debug|x64.ActiveCfg = Debug|Any CPU
		{794D5CAD-8F36-4759-9318-AD9D82B93527}.Debug|x64.Build.0 = Debug|Any CPU
		{794D5CAD-8F36-4759-9318-AD9D82B93527}.Debug|x86.ActiveCfg = Debug|Any CPU
		{794D5CAD-8F36-4759-9318-AD9D82B93527}.Debug|x86.Build.0 = Debug|Any CPU
		{794D5CAD-8F36-4759-9318-AD9D82B93527}.Release|Any CPU.ActiveCfg = Release|Any CPU
		{794D5CAD-8F36-4759-9318-AD9D82B93527}.Release|Any CPU.Build.0 = Release|Any CPU
		{794D5CAD-8F36-4759-9318-AD9D82B93527}.Release|x64.ActiveCfg = Release|Any CPU
		{794D5CAD-8F36-4759-9318-AD9D82B93527}.Release|x64.Build.0 = Release|Any CPU
		{794D5CAD-8F36-4759-9318-AD9D82B93527}.Release|x86.ActiveCfg = Release|Any CPU
		{794D5CAD-8F36-4759-9318-AD9D82B93527}.Release|x86.Build.0 = Release|Any CPU
		{9016F36F-D356-4262-A564-EB7C6B12D359}.Debug|Any CPU.ActiveCfg = Debug|Any CPU
		{9016F36F-D356-4262-A564-EB7C6B12D359}.Debug|Any CPU.Build.0 = Debug|Any CPU
		{9016F36F-D356-4262-A564-EB7C6B12D359}.Debug|x64.ActiveCfg = Debug|Any CPU
		{9016F36F-D356-4262-A564-EB7C6B12D359}.Debug|x64.Build.0 = Debug|Any CPU
		{9016F36F-D356-4262-A564-EB7C6B12D359}.Debug|x86.ActiveCfg = Debug|Any CPU
		{9016F36F-D356-4262-A564-EB7C6B12D359}.Debug|x86.Build.0 = Debug|Any CPU
		{9016F36F-D356-4262-A564-EB7C6B12D359}.Release|Any CPU.ActiveCfg = Release|Any CPU
		{9016F36F-D356-4262-A564-EB7C6B12D359}.Release|Any CPU.Build.0 = Release|Any CPU
		{9016F36F-D356-4262-A564-EB7C6B12D359}.Release|x64.ActiveCfg = Release|Any CPU
		{9016F36F-D356-4262-A564-EB7C6B12D359}.Release|x64.Build.0 = Release|Any CPU
		{9016F36F-D356-4262-A564-EB7C6B12D359}.Release|x86.ActiveCfg = Release|Any CPU
		{9016F36F-D356-4262-A564-EB7C6B12D359}.Release|x86.Build.0 = Release|Any CPU
	EndGlobalSection
	GlobalSection(SolutionProperties) = preSolution
		HideSolutionNode = FALSE
	EndGlobalSection
	GlobalSection(ExtensibilityGlobals) = postSolution
		SolutionGuid = {814780BF-5A46-426C-B53C-35F53BBBD9D3}
	EndGlobalSection
EndGlobal
